
Microsoft Visual Studio Solution File, Format Version 12.00
# Visual Studio Version 16
VisualStudioVersion = 16.0.31229.75
MinimumVisualStudioVersion = 10.0.40219.1
Project("{FAE04EC0-301F-11D3-BF4B-00C04F79EFBC}") = "ITVDN_HomeWork", "ITVDN_HomeWork\ITVDN_HomeWork.csproj", "{BC3765CC-1F74-433E-9048-8AEFA29C45C8}"
EndProject
Project("{FAE04EC0-301F-11D3-BF4B-00C04F79EFBC}") = "001_Classes", "001_Classes\001_Classes.csproj", "{D3AA0FB8-E837-4D4D-ACEA-C63A4678DF00}"
EndProject
Global
	GlobalSection(SolutionConfigurationPlatforms) = preSolution
		Debug|Any CPU = Debug|Any CPU
		Release|Any CPU = Release|Any CPU
	EndGlobalSection
	GlobalSection(ProjectConfigurationPlatforms) = postSolution
		{BC3765CC-1F74-433E-9048-8AEFA29C45C8}.Debug|Any CPU.ActiveCfg = Debug|Any CPU
		{BC3765CC-1F74-433E-9048-8AEFA29C45C8}.Debug|Any CPU.Build.0 = Debug|Any CPU
		{BC3765CC-1F74-433E-9048-8AEFA29C45C8}.Release|Any CPU.ActiveCfg = Release|Any CPU
		{BC3765CC-1F74-433E-9048-8AEFA29C45C8}.Release|Any CPU.Build.0 = Release|Any CPU
		{D3AA0FB8-E837-4D4D-ACEA-C63A4678DF00}.Debug|Any CPU.ActiveCfg = Debug|Any CPU
		{D3AA0FB8-E837-4D4D-ACEA-C63A4678DF00}.Debug|Any CPU.Build.0 = Debug|Any CPU
		{D3AA0FB8-E837-4D4D-ACEA-C63A4678DF00}.Release|Any CPU.ActiveCfg = Release|Any CPU
		{D3AA0FB8-E837-4D4D-ACEA-C63A4678DF00}.Release|Any CPU.Build.0 = Release|Any CPU
	EndGlobalSection
	GlobalSection(SolutionProperties) = preSolution
		HideSolutionNode = FALSE
	EndGlobalSection
	GlobalSection(ExtensibilityGlobals) = postSolution
		SolutionGuid = {396ACB9E-40FC-4C5C-9846-293FE2850C04}
	EndGlobalSection
EndGlobal
